
Microsoft Visual Studio Solution File, Format Version 12.00
# Visual Studio Version 17
VisualStudioVersion = 17.13.35825.156 d17.13
MinimumVisualStudioVersion = 10.0.40219.1
Project("{FAE04EC0-301F-11D3-BF4B-00C04F79EFBC}") = "BookHaven", "BookHaven\BookHaven.csproj", "{F1C4EE4E-EBFF-43D6-8572-FA67A86BE0BD}"
EndProject
Global
	GlobalSection(SolutionConfigurationPlatforms) = preSolution
		Debug|Any CPU = Debug|Any CPU
		Release|Any CPU = Release|Any CPU
	EndGlobalSection
	GlobalSection(ProjectConfigurationPlatforms) = postSolution
		{F1C4EE4E-EBFF-43D6-8572-FA67A86BE0BD}.Debug|Any CPU.ActiveCfg = Debug|Any CPU
		{F1C4EE4E-EBFF-43D6-8572-FA67A86BE0BD}.Debug|Any CPU.Build.0 = Debug|Any CPU
		{F1C4EE4E-EBFF-43D6-8572-FA67A86BE0BD}.Release|Any CPU.ActiveCfg = Release|Any CPU
		{F1C4EE4E-EBFF-43D6-8572-FA67A86BE0BD}.Release|Any CPU.Build.0 = Release|Any CPU
	EndGlobalSection
	GlobalSection(SolutionProperties) = preSolution
		HideSolutionNode = FALSE
	EndGlobalSection
	GlobalSection(ExtensibilityGlobals) = postSolution
		SolutionGuid = {654B7074-AF2D-42A3-8C12-21570CF88E92}
	EndGlobalSection
EndGlobal
